
Microsoft Visual Studio Solution File, Format Version 12.00
# Visual Studio Version 16
VisualStudioVersion = 16.0.30128.74
MinimumVisualStudioVersion = 10.0.40219.1
Project("{9A19103F-16F7-4668-BE54-9A1E7A4F7556}") = "GatewayService", "GatewayService\GatewayService.csproj", "{21211645-B565-4B46-8371-39396D82C7C1}"
EndProject
Project("{FAE04EC0-301F-11D3-BF4B-00C04F79EFBC}") = "Shared", "Shared\Shared.csproj", "{5AE82ECD-7992-4ABC-9B8C-4EEFD6825DFA}"
EndProject
Project("{9A19103F-16F7-4668-BE54-9A1E7A4F7556}") = "SupplierService", "SupplierService\SupplierService.csproj", "{A12CC027-5650-45FE-BF63-AFACC4200722}"
EndProject
Project("{9A19103F-16F7-4668-BE54-9A1E7A4F7556}") = "LocationService", "LocationService\LocationService.csproj", "{A36ADC35-3E78-487D-836E-065279471632}"
EndProject
Global
	GlobalSection(SolutionConfigurationPlatforms) = preSolution
		Debug|Any CPU = Debug|Any CPU
		Release|Any CPU = Release|Any CPU
	EndGlobalSection
	GlobalSection(ProjectConfigurationPlatforms) = postSolution
		{21211645-B565-4B46-8371-39396D82C7C1}.Debug|Any CPU.ActiveCfg = Debug|Any CPU
		{21211645-B565-4B46-8371-39396D82C7C1}.Debug|Any CPU.Build.0 = Debug|Any CPU
		{21211645-B565-4B46-8371-39396D82C7C1}.Release|Any CPU.ActiveCfg = Release|Any CPU
		{21211645-B565-4B46-8371-39396D82C7C1}.Release|Any CPU.Build.0 = Release|Any CPU
		{5AE82ECD-7992-4ABC-9B8C-4EEFD6825DFA}.Debug|Any CPU.ActiveCfg = Debug|Any CPU
		{5AE82ECD-7992-4ABC-9B8C-4EEFD6825DFA}.Debug|Any CPU.Build.0 = Debug|Any CPU
		{5AE82ECD-7992-4ABC-9B8C-4EEFD6825DFA}.Release|Any CPU.ActiveCfg = Release|Any CPU
		{5AE82ECD-7992-4ABC-9B8C-4EEFD6825DFA}.Release|Any CPU.Build.0 = Release|Any CPU
		{A12CC027-5650-45FE-BF63-AFACC4200722}.Debug|Any CPU.ActiveCfg = Debug|Any CPU
		{A12CC027-5650-45FE-BF63-AFACC4200722}.Debug|Any CPU.Build.0 = Debug|Any CPU
		{A12CC027-5650-45FE-BF63-AFACC4200722}.Release|Any CPU.ActiveCfg = Release|Any CPU
		{A12CC027-5650-45FE-BF63-AFACC4200722}.Release|Any CPU.Build.0 = Release|Any CPU
		{A36ADC35-3E78-487D-836E-065279471632}.Debug|Any CPU.ActiveCfg = Debug|Any CPU
		{A36ADC35-3E78-487D-836E-065279471632}.Debug|Any CPU.Build.0 = Debug|Any CPU
		{A36ADC35-3E78-487D-836E-065279471632}.Release|Any CPU.ActiveCfg = Release|Any CPU
		{A36ADC35-3E78-487D-836E-065279471632}.Release|Any CPU.Build.0 = Release|Any CPU
	EndGlobalSection
	GlobalSection(SolutionProperties) = preSolution
		HideSolutionNode = FALSE
	EndGlobalSection
	GlobalSection(ExtensibilityGlobals) = postSolution
		SolutionGuid = {ADDEC129-B526-4E48-A6A2-6F816343AC98}
	EndGlobalSection
EndGlobal
